// !$*UTF8*$!
{
	archiveVersion = 1;
	classes = {
	};
	objectVersion = 50;
	objects = {

/* Begin PBXBuildFile section */
		EFE86C55262C66BF00B17F99 /* AppDelegate.swift in Sources */ = {isa = PBXBuildFile; fileRef = EFE86C54262C66BF00B17F99 /* AppDelegate.swift */; };
		EFE86C57262C66BF00B17F99 /* art.scnassets in Resources */ = {isa = PBXBuildFile; fileRef = EFE86C56262C66BF00B17F99 /* art.scnassets */; };
		EFE86C59262C66BF00B17F99 /* ViewController.swift in Sources */ = {isa = PBXBuildFile; fileRef = EFE86C58262C66BF00B17F99 /* ViewController.swift */; };
		EFE86C5C262C66BF00B17F99 /* Main.storyboard in Resources */ = {isa = PBXBuildFile; fileRef = EFE86C5A262C66BF00B17F99 /* Main.storyboard */; };
		EFE86C5E262C66C100B17F99 /* Assets.xcassets in Resources */ = {isa = PBXBuildFile; fileRef = EFE86C5D262C66C100B17F99 /* Assets.xcassets */; };
		EFE86C61262C66C100B17F99 /* LaunchScreen.storyboard in Resources */ = {isa = PBXBuildFile; fileRef = EFE86C5F262C66C100B17F99 /* LaunchScreen.storyboard */; };
/* End PBXBuildFile section */

/* Begin PBXFileReference section */
		EFE86C51262C66BF00B17F99 /* AR Ruler.app */ = {isa = PBXFileReference; explicitFileType = wrapper.application; includeInIndex = 0; path = "AR Ruler.app"; sourceTree = BUILT_PRODUCTS_DIR; };
		EFE86C54262C66BF00B17F99 /* AppDelegate.swift */ = {isa = PBXFileReference; lastKnownFileType = sourcecode.swift; path = AppDelegate.swift; sourceTree = "<group>"; };
		EFE86C56262C66BF00B17F99 /* art.scnassets */ = {isa = PBXFileReference; lastKnownFileType = wrapper.scnassets; path = art.scnassets; sourceTree = "<group>"; };
		EFE86C58262C66BF00B17F99 /* ViewController.swift */ = {isa = PBXFileReference; lastKnownFileType = sourcecode.swift; path = ViewController.swift; sourceTree = "<group>"; };
		EFE86C5B262C66BF00B17F99 /* Base */ = {isa = PBXFileReference; lastKnownFileType = file.storyboard; name = Base; path = Base.lproj/Main.storyboard; sourceTree = "<group>"; };
		EFE86C5D262C66C100B17F99 /* Assets.xcassets */ = {isa = PBXFileReference; lastKnownFileType = folder.assetcatalog; path = Assets.xcassets; sourceTree = "<group>"; };
		EFE86C60262C66C100B17F99 /* Base */ = {isa = PBXFileReference; lastKnownFileType = file.storyboard; name = Base; path = Base.lproj/LaunchScreen.storyboard; sourceTree = "<group>"; };
		EFE86C62262C66C100B17F99 /* Info.plist */ = {isa = PBXFileReference; lastKnownFileType = text.plist.xml; path = Info.plist; sourceTree = "<group>"; };
/* End PBXFileReference section */

/* Begin PBXFrameworksBuildPhase section */
		EFE86C4E262C66BF00B17F99 /* Frameworks */ = {
			isa = PBXFrameworksBuildPhase;
			buildActionMask = 2147483647;
			files = (
			);
			runOnlyForDeploymentPostprocessing = 0;
		};
/* End PBXFrameworksBuildPhase section */

/* Begin PBXGroup section */
		EFE86C48262C66BF00B17F99 = {
			isa = PBXGroup;
			children = (
				EFE86C53262C66BF00B17F99 /* AR Ruler */,
				EFE86C52262C66BF00B17F99 /* Products */,
			);
			sourceTree = "<group>";
		};
		EFE86C52262C66BF00B17F99 /* Products */ = {
			isa = PBXGroup;
			children = (
				EFE86C51262C66BF00B17F99 /* AR Ruler.app */,
			);
			name = Products;
			sourceTree = "<group>";
		};
		EFE86C53262C66BF00B17F99 /* AR Ruler */ = {
			isa = PBXGroup;
			children = (
				EFE86C54262C66BF00B17F99 /* AppDelegate.swift */,
				EFE86C56262C66BF00B17F99 /* art.scnassets */,
				EFE86C58262C66BF00B17F99 /* ViewController.swift */,
				EFE86C5A262C66BF00B17F99 /* Main.storyboard */,
				EFE86C5D262C66C100B17F99 /* Assets.xcassets */,
				EFE86C5F262C66C100B17F99 /* LaunchScreen.storyboard */,
				EFE86C62262C66C100B17F99 /* Info.plist */,
			);
			path = "AR Ruler";
			sourceTree = "<group>";
		};
/* End PBXGroup section */

/* Begin PBXNativeTarget section */
		EFE86C50262C66BF00B17F99 /* AR Ruler */ = {
			isa = PBXNativeTarget;
			buildConfigurationList = EFE86C65262C66C100B17F99 /* Build configuration list for PBXNativeTarget "AR Ruler" */;
			buildPhases = (
				EFE86C4D262C66BF00B17F99 /* Sources */,
				EFE86C4E262C66BF00B17F99 /* Frameworks */,
				EFE86C4F262C66BF00B17F99 /* Resources */,
			);
			buildRules = (
			);
			dependencies = (
			);
			name = "AR Ruler";
			productName = "AR Ruler";
			productReference = EFE86C51262C66BF00B17F99 /* AR Ruler.app */;
			productType = "com.apple.product-type.application";
		};
/* End PBXNativeTarget section */

/* Begin PBXProject section */
		EFE86C49262C66BF00B17F99 /* Project object */ = {
			isa = PBXProject;
			attributes = {
				LastSwiftUpdateCheck = 1240;
				LastUpgradeCheck = 1240;
				TargetAttributes = {
					EFE86C50262C66BF00B17F99 = {
						CreatedOnToolsVersion = 12.4;
					};
				};
			};
			buildConfigurationList = EFE86C4C262C66BF00B17F99 /* Build configuration list for PBXProject "AR Ruler" */;
			compatibilityVersion = "Xcode 9.3";
			developmentRegion = en;
			hasScannedForEncodings = 0;
			knownRegions = (
				en,
				Base,
			);
			mainGroup = EFE86C48262C66BF00B17F99;
			productRefGroup = EFE86C52262C66BF00B17F99 /* Products */;
			projectDirPath = "";
			projectRoot = "";
			targets = (
				EFE86C50262C66BF00B17F99 /* AR Ruler */,
			);
		};
/* End PBXProject section */

/* Begin PBXResourcesBuildPhase section */
		EFE86C4F262C66BF00B17F99 /* Resources */ = {
			isa = PBXResourcesBuildPhase;
			buildActionMask = 2147483647;
			files = (
				EFE86C57262C66BF00B17F99 /* art.scnassets in Resources */,
				EFE86C61262C66C100B17F99 /* LaunchScreen.storyboard in Resources */,
				EFE86C5E262C66C100B17F99 /* Assets.xcassets in Resources */,
				EFE86C5C262C66BF00B17F99 /* Main.storyboard in Resources */,
			);
			runOnlyForDeploymentPostprocessing = 0;
		};
/* End PBXResourcesBuildPhase section */

/* Begin PBXSourcesBuildPhase section */
		EFE86C4D262C66BF00B17F99 /* Sources */ = {
			isa = PBXSourcesBuildPhase;
			buildActionMask = 2147483647;
			files = (
				EFE86C59262C66BF00B17F99 /* ViewController.swift in Sources */,
				EFE86C55262C66BF00B17F99 /* AppDelegate.swift in Sources */,
			);
			runOnlyForDeploymentPostprocessing = 0;
		};
/* End PBXSourcesBuildPhase section */

/* Begin PBXVariantGroup section */
		EFE86C5A262C66BF00B17F99 /* Main.storyboard */ = {
			isa = PBXVariantGroup;
			children = (
				EFE86C5B262C66BF00B17F99 /* Base */,
			);
			name = Main.storyboard;
			sourceTree = "<group>";
		};
		EFE86C5F262C66C100B17F99 /* LaunchScreen.storyboard */ = {
			isa = PBXVariantGroup;
			children = (
				EFE86C60262C66C100B17F99 /* Base */,
			);
			name = LaunchScreen.storyboard;
			sourceTree = "<group>";
		};
/* End PBXVariantGroup section */

/* Begin XCBuildConfiguration section */
		EFE86C63262C66C100B17F99 /* Debug */ = {
			isa = XCBuildConfiguration;
			buildSettings = {
				ALWAYS_SEARCH_USER_PATHS = NO;
				CLANG_ANALYZER_NONNULL = YES;
				CLANG_ANALYZER_NUMBER_OBJECT_CONVERSION = YES_AGGRESSIVE;
				CLANG_CXX_LANGUAGE_STANDARD = "gnu++14";
				CLANG_CXX_LIBRARY = "libc++";
				CLANG_ENABLE_MODULES = YES;
				CLANG_ENABLE_OBJC_ARC = YES;
				CLANG_ENABLE_OBJC_WEAK = YES;
				CLANG_WARN_BLOCK_CAPTURE_AUTORELEASING = YES;
				CLANG_WARN_BOOL_CONVERSION = YES;
				CLANG_WARN_COMMA = YES;
				CLANG_WARN_CONSTANT_CONVERSION = YES;
				CLANG_WARN_DEPRECATED_OBJC_IMPLEMENTATIONS = YES;
				CLANG_WARN_DIRECT_OBJC_ISA_USAGE = YES_ERROR;
				CLANG_WARN_DOCUMENTATION_COMMENTS = YES;
				CLANG_WARN_EMPTY_BODY = YES;
				CLANG_WARN_ENUM_CONVERSION = YES;
				CLANG_WARN_INFINITE_RECURSION = YES;
				CLANG_WARN_INT_CONVERSION = YES;
				CLANG_WARN_NON_LITERAL_NULL_CONVERSION = YES;
				CLANG_WARN_OBJC_IMPLICIT_RETAIN_SELF = YES;
				CLANG_WARN_OBJC_LITERAL_CONVERSION = YES;
				CLANG_WARN_OBJC_ROOT_CLASS = YES_ERROR;
				CLANG_WARN_QUOTED_INCLUDE_IN_FRAMEWORK_HEADER = YES;
				CLANG_WARN_RANGE_LOOP_ANALYSIS = YES;
				CLANG_WARN_STRICT_PROTOTYPES = YES;
				CLANG_WARN_SUSPICIOUS_MOVE = YES;
				CLANG_WARN_UNGUARDED_AVAILABILITY = YES_AGGRESSIVE;
				CLANG_WARN_UNREACHABLE_CODE = YES;
				CLANG_WARN__DUPLICATE_METHOD_MATCH = YES;
				COPY_PHASE_STRIP = NO;
				DEBUG_INFORMATION_FORMAT = dwarf;
				ENABLE_STRICT_OBJC_MSGSEND = YES;
				ENABLE_TESTABILITY = YES;
				GCC_C_LANGUAGE_STANDARD = gnu11;
				GCC_DYNAMIC_NO_PIC = NO;
				GCC_NO_COMMON_BLOCKS = YES;
				GCC_OPTIMIZATION_LEVEL = 0;
				GCC_PREPROCESSOR_DEFINITIONS = (
					"DEBUG=1",
					"$(inherited)",
				);
				GCC_WARN_64_TO_32_BIT_CONVERSION = YES;
				GCC_WARN_ABOUT_RETURN_TYPE = YES_ERROR;
				GCC_WARN_UNDECLARED_SELECTOR = YES;
				GCC_WARN_UNINITIALIZED_AUTOS = YES_AGGRESSIVE;
				GCC_WARN_UNUSED_FUNCTION = YES;
				GCC_WARN_UNUSED_VARIABLE = YES;
				IPHONEOS_DEPLOYMENT_TARGET = 14.4;
				MTL_ENABLE_DEBUG_INFO = INCLUDE_SOURCE;
				MTL_FAST_MATH = YES;
				ONLY_ACTIVE_ARCH = YES;
				SDKROOT = iphoneos;
				SWIFT_ACTIVE_COMPILATION_CONDITIONS = DEBUG;
				SWIFT_OPTIMIZATION_LEVEL = "-Onone";
			};
			name = Debug;
		};
		EFE86C64262C66C100B17F99 /* Release */ = {
			isa = XCBuildConfiguration;
			buildSettings = {
				ALWAYS_SEARCH_USER_PATHS = NO;
				CLANG_ANALYZER_NONNULL = YES;
				CLANG_ANALYZER_NUMBER_OBJECT_CONVERSION = YES_AGGRESSIVE;
				CLANG_CXX_LANGUAGE_STANDARD = "gnu++14";
				CLANG_CXX_LIBRARY = "libc++";
				CLANG_ENABLE_MODULES = YES;
				CLANG_ENABLE_OBJC_ARC = YES;
				CLANG_ENABLE_OBJC_WEAK = YES;
				CLANG_WARN_BLOCK_CAPTURE_AUTORELEASING = YES;
				CLANG_WARN_BOOL_CONVERSION = YES;
				CLANG_WARN_COMMA = YES;
				CLANG_WARN_CONSTANT_CONVERSION = YES;
				CLANG_WARN_DEPRECATED_OBJC_IMPLEMENTATIONS = YES;
				CLANG_WARN_DIRECT_OBJC_ISA_USAGE = YES_ERROR;
				CLANG_WARN_DOCUMENTATION_COMMENTS = YES;
				CLANG_WARN_EMPTY_BODY = YES;
				CLANG_WARN_ENUM_CONVERSION = YES;
				CLANG_WARN_INFINITE_RECURSION = YES;
				CLANG_WARN_INT_CONVERSION = YES;
				CLANG_WARN_NON_LITERAL_NULL_CONVERSION = YES;
				CLANG_WARN_OBJC_IMPLICIT_RETAIN_SELF = YES;
				CLANG_WARN_OBJC_LITERAL_CONVERSION = YES;
				CLANG_WARN_OBJC_ROOT_CLASS = YES_ERROR;
				CLANG_WARN_QUOTED_INCLUDE_IN_FRAMEWORK_HEADER = YES;
				CLANG_WARN_RANGE_LOOP_ANALYSIS = YES;
				CLANG_WARN_STRICT_PROTOTYPES = YES;
				CLANG_WARN_SUSPICIOUS_MOVE = YES;
				CLANG_WARN_UNGUARDED_AVAILABILITY = YES_AGGRESSIVE;
				CLANG_WARN_UNREACHABLE_CODE = YES;
				CLANG_WARN__DUPLICATE_METHOD_MATCH = YES;
				COPY_PHASE_STRIP = NO;
				DEBUG_INFORMATION_FORMAT = "dwarf-with-dsym";
				ENABLE_NS_ASSERTIONS = NO;
				ENABLE_STRICT_OBJC_MSGSEND = YES;
				GCC_C_LANGUAGE_STANDARD = gnu11;
				GCC_NO_COMMON_BLOCKS = YES;
				GCC_WARN_64_TO_32_BIT_CONVERSION = YES;
				GCC_WARN_ABOUT_RETURN_TYPE = YES_ERROR;
				GCC_WARN_UNDECLARED_SELECTOR = YES;
				GCC_WARN_UNINITIALIZED_AUTOS = YES_AGGRESSIVE;
				GCC_WARN_UNUSED_FUNCTION = YES;
				GCC_WARN_UNUSED_VARIABLE = YES;
				IPHONEOS_DEPLOYMENT_TARGET = 14.4;
				MTL_ENABLE_DEBUG_INFO = NO;
				MTL_FAST_MATH = YES;
				SDKROOT = iphoneos;
				SWIFT_COMPILATION_MODE = wholemodule;
				SWIFT_OPTIMIZATION_LEVEL = "-O";
				VALIDATE_PRODUCT = YES;
			};
			name = Release;
		};
		EFE86C66262C66C100B17F99 /* Debug */ = {
			isa = XCBuildConfiguration;
			buildSettings = {
				ASSETCATALOG_COMPILER_APPICON_NAME = AppIcon;
				ASSETCATALOG_COMPILER_GLOBAL_ACCENT_COLOR_NAME = AccentColor;
				CODE_SIGN_STYLE = Automatic;
				DEVELOPMENT_TEAM = QMVBBTV7HW;
				INFOPLIST_FILE = "AR Ruler/Info.plist";
				LD_RUNPATH_SEARCH_PATHS = (
					"$(inherited)",
					"@executable_path/Frameworks",
				);
				PRODUCT_BUNDLE_IDENTIFIER = "Yevhenii-Huts.AR-Ruler";
				PRODUCT_NAME = "$(TARGET_NAME)";
				SWIFT_VERSION = 5.0;
				TARGETED_DEVICE_FAMILY = "1,2";
			};
			name = Debug;
		};
		EFE86C67262C66C100B17F99 /* Release */ = {
			isa = XCBuildConfiguration;
			buildSettings = {
				ASSETCATALOG_COMPILER_APPICON_NAME = AppIcon;
				ASSETCATALOG_COMPILER_GLOBAL_ACCENT_COLOR_NAME = AccentColor;
				CODE_SIGN_STYLE = Automatic;
				DEVELOPMENT_TEAM = QMVBBTV7HW;
				INFOPLIST_FILE = "AR Ruler/Info.plist";
				LD_RUNPATH_SEARCH_PATHS = (
					"$(inherited)",
					"@executable_path/Frameworks",
				);
				PRODUCT_BUNDLE_IDENTIFIER = "Yevhenii-Huts.AR-Ruler";
				PRODUCT_NAME = "$(TARGET_NAME)";
				SWIFT_VERSION = 5.0;
				TARGETED_DEVICE_FAMILY = "1,2";
			};
			name = Release;
		};
/* End XCBuildConfiguration section */

/* Begin XCConfigurationList section */
		EFE86C4C262C66BF00B17F99 /* Build configuration list for PBXProject "AR Ruler" */ = {
			isa = XCConfigurationList;
			buildConfigurations = (
				EFE86C63262C66C100B17F99 /* Debug */,
				EFE86C64262C66C100B17F99 /* Release */,
			);
			defaultConfigurationIsVisible = 0;
			defaultConfigurationName = Release;
		};
		EFE86C65262C66C100B17F99 /* Build configuration list for PBXNativeTarget "AR Ruler" */ = {
			isa = XCConfigurationList;
			buildConfigurations = (
				EFE86C66262C66C100B17F99 /* Debug */,
				EFE86C67262C66C100B17F99 /* Release */,
			);
			defaultConfigurationIsVisible = 0;
			defaultConfigurationName = Release;
		};
/* End XCConfigurationList section */
	};
	rootObject = EFE86C49262C66BF00B17F99 /* Project object */;
}
